
Microsoft Visual Studio Solution File, Format Version 12.00
# Visual Studio Version 17
VisualStudioVersion = 17.2.32616.157
MinimumVisualStudioVersion = 10.0.40219.1
Project("{FAE04EC0-301F-11D3-BF4B-00C04F79EFBC}") = "BookStoreWeb", "BookStoreWeb\BookStoreWeb.csproj", "{D36AC02D-240F-4858-92BB-95722905DD88}"
EndProject
Global
	GlobalSection(SolutionConfigurationPlatforms) = preSolution
		Debug|Any CPU = Debug|Any CPU
		Release|Any CPU = Release|Any CPU
	EndGlobalSection
	GlobalSection(ProjectConfigurationPlatforms) = postSolution
		{D36AC02D-240F-4858-92BB-95722905DD88}.Debug|Any CPU.ActiveCfg = Debug|Any CPU
		{D36AC02D-240F-4858-92BB-95722905DD88}.Debug|Any CPU.Build.0 = Debug|Any CPU
		{D36AC02D-240F-4858-92BB-95722905DD88}.Release|Any CPU.ActiveCfg = Release|Any CPU
		{D36AC02D-240F-4858-92BB-95722905DD88}.Release|Any CPU.Build.0 = Release|Any CPU
	EndGlobalSection
	GlobalSection(SolutionProperties) = preSolution
		HideSolutionNode = FALSE
	EndGlobalSection
	GlobalSection(ExtensibilityGlobals) = postSolution
		SolutionGuid = {332E667C-23B8-4974-BC78-39DDD4A0B1EF}
	EndGlobalSection
EndGlobal
